
Microsoft Visual Studio Solution File, Format Version 12.00
Project("{FAE04EC0-301F-11D3-BF4B-00C04F79EFBC}") = "TaskMasterApi", "TaskMasterApi\TaskMasterApi.csproj", "{CCF4DEC5-404B-4A7A-8615-7545108974E1}"
EndProject
Project("{FAE04EC0-301F-11D3-BF4B-00C04F79EFBC}") = "Domain", "Domain\Domain.csproj", "{071A8B2A-7E39-4B0E-A56E-394935083E47}"
EndProject
Project("{FAE04EC0-301F-11D3-BF4B-00C04F79EFBC}") = "Application", "Application\Application.csproj", "{A73E0AA3-D202-4FD7-9F25-4FC200A02371}"
EndProject
Project("{FAE04EC0-301F-11D3-BF4B-00C04F79EFBC}") = "Infrastructure", "Infrastructure\Infrastructure.csproj", "{1428A177-0DE9-4C41-ACA2-2E0D2D16FD02}"
EndProject
Project("{FAE04EC0-301F-11D3-BF4B-00C04F79EFBC}") = "Domain.Tests", "Domain.Tests\Domain.Tests.csproj", "{A7F08BFA-CEEE-4AD6-B7DB-57B06AB98754}"
EndProject
Project("{FAE04EC0-301F-11D3-BF4B-00C04F79EFBC}") = "Application.Tests", "Application.Tests\Application.Tests.csproj", "{5297450A-A7AC-40D3-8B3F-621ADC944D95}"
EndProject
Project("{FAE04EC0-301F-11D3-BF4B-00C04F79EFBC}") = "Infrastructure.Tests", "Infrastructure.Tests\Infrastructure.Tests.csproj", "{1C0B12DA-74C8-4FDD-A86B-729F17251B30}"
EndProject
Project("{FAE04EC0-301F-11D3-BF4B-00C04F79EFBC}") = "TaskMasterApi.Tests", "TaskMasterApi.Tests\TaskMasterApi.Tests.csproj", "{179EBF66-F87D-4A2D-B281-1B964B7C75EF}"
EndProject
Global
	GlobalSection(SolutionConfigurationPlatforms) = preSolution
		Debug|Any CPU = Debug|Any CPU
		Release|Any CPU = Release|Any CPU
	EndGlobalSection
	GlobalSection(ProjectConfigurationPlatforms) = postSolution
		{CCF4DEC5-404B-4A7A-8615-7545108974E1}.Debug|Any CPU.ActiveCfg = Debug|Any CPU
		{CCF4DEC5-404B-4A7A-8615-7545108974E1}.Debug|Any CPU.Build.0 = Debug|Any CPU
		{CCF4DEC5-404B-4A7A-8615-7545108974E1}.Release|Any CPU.ActiveCfg = Release|Any CPU
		{CCF4DEC5-404B-4A7A-8615-7545108974E1}.Release|Any CPU.Build.0 = Release|Any CPU
		{071A8B2A-7E39-4B0E-A56E-394935083E47}.Debug|Any CPU.ActiveCfg = Debug|Any CPU
		{071A8B2A-7E39-4B0E-A56E-394935083E47}.Debug|Any CPU.Build.0 = Debug|Any CPU
		{071A8B2A-7E39-4B0E-A56E-394935083E47}.Release|Any CPU.ActiveCfg = Release|Any CPU
		{071A8B2A-7E39-4B0E-A56E-394935083E47}.Release|Any CPU.Build.0 = Release|Any CPU
		{A73E0AA3-D202-4FD7-9F25-4FC200A02371}.Debug|Any CPU.ActiveCfg = Debug|Any CPU
		{A73E0AA3-D202-4FD7-9F25-4FC200A02371}.Debug|Any CPU.Build.0 = Debug|Any CPU
		{A73E0AA3-D202-4FD7-9F25-4FC200A02371}.Release|Any CPU.ActiveCfg = Release|Any CPU
		{A73E0AA3-D202-4FD7-9F25-4FC200A02371}.Release|Any CPU.Build.0 = Release|Any CPU
		{1428A177-0DE9-4C41-ACA2-2E0D2D16FD02}.Debug|Any CPU.ActiveCfg = Debug|Any CPU
		{1428A177-0DE9-4C41-ACA2-2E0D2D16FD02}.Debug|Any CPU.Build.0 = Debug|Any CPU
		{1428A177-0DE9-4C41-ACA2-2E0D2D16FD02}.Release|Any CPU.ActiveCfg = Release|Any CPU
		{1428A177-0DE9-4C41-ACA2-2E0D2D16FD02}.Release|Any CPU.Build.0 = Release|Any CPU
		{A7F08BFA-CEEE-4AD6-B7DB-57B06AB98754}.Debug|Any CPU.ActiveCfg = Debug|Any CPU
		{A7F08BFA-CEEE-4AD6-B7DB-57B06AB98754}.Debug|Any CPU.Build.0 = Debug|Any CPU
		{A7F08BFA-CEEE-4AD6-B7DB-57B06AB98754}.Release|Any CPU.ActiveCfg = Release|Any CPU
		{A7F08BFA-CEEE-4AD6-B7DB-57B06AB98754}.Release|Any CPU.Build.0 = Release|Any CPU
		{5297450A-A7AC-40D3-8B3F-621ADC944D95}.Debug|Any CPU.ActiveCfg = Debug|Any CPU
		{5297450A-A7AC-40D3-8B3F-621ADC944D95}.Debug|Any CPU.Build.0 = Debug|Any CPU
		{5297450A-A7AC-40D3-8B3F-621ADC944D95}.Release|Any CPU.ActiveCfg = Release|Any CPU
		{5297450A-A7AC-40D3-8B3F-621ADC944D95}.Release|Any CPU.Build.0 = Release|Any CPU
		{1C0B12DA-74C8-4FDD-A86B-729F17251B30}.Debug|Any CPU.ActiveCfg = Debug|Any CPU
		{1C0B12DA-74C8-4FDD-A86B-729F17251B30}.Debug|Any CPU.Build.0 = Debug|Any CPU
		{1C0B12DA-74C8-4FDD-A86B-729F17251B30}.Release|Any CPU.ActiveCfg = Release|Any CPU
		{1C0B12DA-74C8-4FDD-A86B-729F17251B30}.Release|Any CPU.Build.0 = Release|Any CPU
		{179EBF66-F87D-4A2D-B281-1B964B7C75EF}.Debug|Any CPU.ActiveCfg = Debug|Any CPU
		{179EBF66-F87D-4A2D-B281-1B964B7C75EF}.Debug|Any CPU.Build.0 = Debug|Any CPU
		{179EBF66-F87D-4A2D-B281-1B964B7C75EF}.Release|Any CPU.ActiveCfg = Release|Any CPU
		{179EBF66-F87D-4A2D-B281-1B964B7C75EF}.Release|Any CPU.Build.0 = Release|Any CPU
	EndGlobalSection
EndGlobal
